<?xml version="1.0" encoding="utf-8"?>
<Project ToolsVersion="17.0" xmlns="http://schemas.microsoft.com/developer/msbuild/2003">
  <ItemGroup>
    <CustomBuild Include="D:\AIE\Assignments\C++\Task4_MineSweeper\MineSweeper\CMakeFiles\ebc36d6fa4df6e60af76531c2b9a69d9\INSTALL_force.rule">
      <Filter>CMake Rules</Filter>
    </CustomBuild>
  </ItemGroup>
  <ItemGroup>
    <Filter Include="CMake Rules">
      <UniqueIdentifier>{C3F0B0D2-106D-3E0D-8512-75A85BAB5230}</UniqueIdentifier>
    </Filter>
  </ItemGroup>
</Project>
