
Microsoft Visual Studio Solution File, Format Version 12.00
# Visual Studio Version 17
Project("{2150E333-8FDC-42A3-9474-1A3956D46DE8}") = "CMakePredefinedTargets", "CMakePredefinedTargets", "{CA5CBE61-52E1-3207-BC63-A82E89B9078C}"
EndProject
Project("{2150E333-8FDC-42A3-9474-1A3956D46DE8}") = "GLFW3", "GLFW3", "{C03D46D9-F6DF-37BC-A685-15E02F211567}"
EndProject
Project("{8BC9CEB8-8B4A-11D0-8D11-00A0C91BC942}") = "ALL_BUILD", "ALL_BUILD.vcxproj", "{B92349A1-4C5E-365B-BABC-1BE14C63765A}"
	ProjectSection(ProjectDependencies) = postProject
		{ED88630B-1CDE-3E35-917B-485D576C89C2} = {ED88630B-1CDE-3E35-917B-485D576C89C2}
		{38E25505-FF28-3692-A528-6735C75141D2} = {38E25505-FF28-3692-A528-6735C75141D2}
		{114EFB91-114F-3829-981E-C35F16747415} = {114EFB91-114F-3829-981E-C35F16747415}
	EndProjectSection
EndProject
Project("{8BC9CEB8-8B4A-11D0-8D11-00A0C91BC942}") = "INSTALL", "INSTALL.vcxproj", "{E1FFE467-C175-3FB8-A3F9-4520F9BFF9AB}"
	ProjectSection(ProjectDependencies) = postProject
		{B92349A1-4C5E-365B-BABC-1BE14C63765A} = {B92349A1-4C5E-365B-BABC-1BE14C63765A}
		{ED88630B-1CDE-3E35-917B-485D576C89C2} = {ED88630B-1CDE-3E35-917B-485D576C89C2}
	EndProjectSection
EndProject
Project("{8BC9CEB8-8B4A-11D0-8D11-00A0C91BC942}") = "PACKAGE", "PACKAGE.vcxproj", "{4AEC9168-7F9C-3C15-B214-DE0EC0638B0D}"
	ProjectSection(ProjectDependencies) = postProject
		{B92349A1-4C5E-365B-BABC-1BE14C63765A} = {B92349A1-4C5E-365B-BABC-1BE14C63765A}
		{ED88630B-1CDE-3E35-917B-485D576C89C2} = {ED88630B-1CDE-3E35-917B-485D576C89C2}
	EndProjectSection
EndProject
Project("{8BC9CEB8-8B4A-11D0-8D11-00A0C91BC942}") = "RUN_TESTS", "RUN_TESTS.vcxproj", "{11114922-8D95-32C4-8EE8-B2D1D10278FF}"
	ProjectSection(ProjectDependencies) = postProject
		{ED88630B-1CDE-3E35-917B-485D576C89C2} = {ED88630B-1CDE-3E35-917B-485D576C89C2}
	EndProjectSection
EndProject
Project("{8BC9CEB8-8B4A-11D0-8D11-00A0C91BC942}") = "ZERO_CHECK", "ZERO_CHECK.vcxproj", "{ED88630B-1CDE-3E35-917B-485D576C89C2}"
	ProjectSection(ProjectDependencies) = postProject
	EndProjectSection
EndProject
Project("{8BC9CEB8-8B4A-11D0-8D11-00A0C91BC942}") = "glfw", "raylib\external\glfw\src\glfw.vcxproj", "{38E25505-FF28-3692-A528-6735C75141D2}"
	ProjectSection(ProjectDependencies) = postProject
		{ED88630B-1CDE-3E35-917B-485D576C89C2} = {ED88630B-1CDE-3E35-917B-485D576C89C2}
	EndProjectSection
EndProject
Project("{8BC9CEB8-8B4A-11D0-8D11-00A0C91BC942}") = "raylib", "raylib\raylib.vcxproj", "{114EFB91-114F-3829-981E-C35F16747415}"
	ProjectSection(ProjectDependencies) = postProject
		{ED88630B-1CDE-3E35-917B-485D576C89C2} = {ED88630B-1CDE-3E35-917B-485D576C89C2}
		{38E25505-FF28-3692-A528-6735C75141D2} = {38E25505-FF28-3692-A528-6735C75141D2}
	EndProjectSection
EndProject
Project("{8BC9CEB8-8B4A-11D0-8D11-00A0C91BC942}") = "update_mappings", "raylib\external\glfw\src\update_mappings.vcxproj", "{26292B05-B6FA-3214-87FE-A3BA377BF6A6}"
	ProjectSection(ProjectDependencies) = postProject
		{ED88630B-1CDE-3E35-917B-485D576C89C2} = {ED88630B-1CDE-3E35-917B-485D576C89C2}
	EndProjectSection
EndProject
Global
	GlobalSection(SolutionConfigurationPlatforms) = preSolution
		Debug|x64 = Debug|x64
		Release|x64 = Release|x64
		MinSizeRel|x64 = MinSizeRel|x64
		RelWithDebInfo|x64 = RelWithDebInfo|x64
	EndGlobalSection
	GlobalSection(ProjectConfigurationPlatforms) = postSolution
		{B92349A1-4C5E-365B-BABC-1BE14C63765A}.Debug|x64.ActiveCfg = Debug|x64
		{B92349A1-4C5E-365B-BABC-1BE14C63765A}.Debug|x64.Build.0 = Debug|x64
		{B92349A1-4C5E-365B-BABC-1BE14C63765A}.Release|x64.ActiveCfg = Release|x64
		{B92349A1-4C5E-365B-BABC-1BE14C63765A}.Release|x64.Build.0 = Release|x64
		{B92349A1-4C5E-365B-BABC-1BE14C63765A}.MinSizeRel|x64.ActiveCfg = MinSizeRel|x64
		{B92349A1-4C5E-365B-BABC-1BE14C63765A}.MinSizeRel|x64.Build.0 = MinSizeRel|x64
		{B92349A1-4C5E-365B-BABC-1BE14C63765A}.RelWithDebInfo|x64.ActiveCfg = RelWithDebInfo|x64
		{B92349A1-4C5E-365B-BABC-1BE14C63765A}.RelWithDebInfo|x64.Build.0 = RelWithDebInfo|x64
		{E1FFE467-C175-3FB8-A3F9-4520F9BFF9AB}.Debug|x64.ActiveCfg = Debug|x64
		{E1FFE467-C175-3FB8-A3F9-4520F9BFF9AB}.Release|x64.ActiveCfg = Release|x64
		{E1FFE467-C175-3FB8-A3F9-4520F9BFF9AB}.MinSizeRel|x64.ActiveCfg = MinSizeRel|x64
		{E1FFE467-C175-3FB8-A3F9-4520F9BFF9AB}.RelWithDebInfo|x64.ActiveCfg = RelWithDebInfo|x64
		{4AEC9168-7F9C-3C15-B214-DE0EC0638B0D}.Debug|x64.ActiveCfg = Debug|x64
		{4AEC9168-7F9C-3C15-B214-DE0EC0638B0D}.Release|x64.ActiveCfg = Release|x64
		{4AEC9168-7F9C-3C15-B214-DE0EC0638B0D}.MinSizeRel|x64.ActiveCfg = MinSizeRel|x64
		{4AEC9168-7F9C-3C15-B214-DE0EC0638B0D}.RelWithDebInfo|x64.ActiveCfg = RelWithDebInfo|x64
		{11114922-8D95-32C4-8EE8-B2D1D10278FF}.Debug|x64.ActiveCfg = Debug|x64
		{11114922-8D95-32C4-8EE8-B2D1D10278FF}.Release|x64.ActiveCfg = Release|x64
		{11114922-8D95-32C4-8EE8-B2D1D10278FF}.MinSizeRel|x64.ActiveCfg = MinSizeRel|x64
		{11114922-8D95-32C4-8EE8-B2D1D10278FF}.RelWithDebInfo|x64.ActiveCfg = RelWithDebInfo|x64
		{ED88630B-1CDE-3E35-917B-485D576C89C2}.Debug|x64.ActiveCfg = Debug|x64
		{ED88630B-1CDE-3E35-917B-485D576C89C2}.Debug|x64.Build.0 = Debug|x64
		{ED88630B-1CDE-3E35-917B-485D576C89C2}.Release|x64.ActiveCfg = Release|x64
		{ED88630B-1CDE-3E35-917B-485D576C89C2}.Release|x64.Build.0 = Release|x64
		{ED88630B-1CDE-3E35-917B-485D576C89C2}.MinSizeRel|x64.ActiveCfg = MinSizeRel|x64
		{ED88630B-1CDE-3E35-917B-485D576C89C2}.MinSizeRel|x64.Build.0 = MinSizeRel|x64
		{ED88630B-1CDE-3E35-917B-485D576C89C2}.RelWithDebInfo|x64.ActiveCfg = RelWithDebInfo|x64
		{ED88630B-1CDE-3E35-917B-485D576C89C2}.RelWithDebInfo|x64.Build.0 = RelWithDebInfo|x64
		{38E25505-FF28-3692-A528-6735C75141D2}.Debug|x64.ActiveCfg = Debug|x64
		{38E25505-FF28-3692-A528-6735C75141D2}.Debug|x64.Build.0 = Debug|x64
		{38E25505-FF28-3692-A528-6735C75141D2}.Release|x64.ActiveCfg = Release|x64
		{38E25505-FF28-3692-A528-6735C75141D2}.Release|x64.Build.0 = Release|x64
		{38E25505-FF28-3692-A528-6735C75141D2}.MinSizeRel|x64.ActiveCfg = MinSizeRel|x64
		{38E25505-FF28-3692-A528-6735C75141D2}.MinSizeRel|x64.Build.0 = MinSizeRel|x64
		{38E25505-FF28-3692-A528-6735C75141D2}.RelWithDebInfo|x64.ActiveCfg = RelWithDebInfo|x64
		{38E25505-FF28-3692-A528-6735C75141D2}.RelWithDebInfo|x64.Build.0 = RelWithDebInfo|x64
		{114EFB91-114F-3829-981E-C35F16747415}.Debug|x64.ActiveCfg = Debug|x64
		{114EFB91-114F-3829-981E-C35F16747415}.Debug|x64.Build.0 = Debug|x64
		{114EFB91-114F-3829-981E-C35F16747415}.Release|x64.ActiveCfg = Release|x64
		{114EFB91-114F-3829-981E-C35F16747415}.Release|x64.Build.0 = Release|x64
		{114EFB91-114F-3829-981E-C35F16747415}.MinSizeRel|x64.ActiveCfg = MinSizeRel|x64
		{114EFB91-114F-3829-981E-C35F16747415}.MinSizeRel|x64.Build.0 = MinSizeRel|x64
		{114EFB91-114F-3829-981E-C35F16747415}.RelWithDebInfo|x64.ActiveCfg = RelWithDebInfo|x64
		{114EFB91-114F-3829-981E-C35F16747415}.RelWithDebInfo|x64.Build.0 = RelWithDebInfo|x64
		{26292B05-B6FA-3214-87FE-A3BA377BF6A6}.Debug|x64.ActiveCfg = Debug|x64
		{26292B05-B6FA-3214-87FE-A3BA377BF6A6}.Release|x64.ActiveCfg = Release|x64
		{26292B05-B6FA-3214-87FE-A3BA377BF6A6}.MinSizeRel|x64.ActiveCfg = MinSizeRel|x64
		{26292B05-B6FA-3214-87FE-A3BA377BF6A6}.RelWithDebInfo|x64.ActiveCfg = RelWithDebInfo|x64
	EndGlobalSection
	GlobalSection(NestedProjects) = preSolution
		{B92349A1-4C5E-365B-BABC-1BE14C63765A} = {CA5CBE61-52E1-3207-BC63-A82E89B9078C}
		{E1FFE467-C175-3FB8-A3F9-4520F9BFF9AB} = {CA5CBE61-52E1-3207-BC63-A82E89B9078C}
		{4AEC9168-7F9C-3C15-B214-DE0EC0638B0D} = {CA5CBE61-52E1-3207-BC63-A82E89B9078C}
		{11114922-8D95-32C4-8EE8-B2D1D10278FF} = {CA5CBE61-52E1-3207-BC63-A82E89B9078C}
		{ED88630B-1CDE-3E35-917B-485D576C89C2} = {CA5CBE61-52E1-3207-BC63-A82E89B9078C}
		{38E25505-FF28-3692-A528-6735C75141D2} = {C03D46D9-F6DF-37BC-A685-15E02F211567}
		{26292B05-B6FA-3214-87FE-A3BA377BF6A6} = {C03D46D9-F6DF-37BC-A685-15E02F211567}
	EndGlobalSection
	GlobalSection(ExtensibilityGlobals) = postSolution
		SolutionGuid = {D77BC3DD-CA3D-3FB0-84AD-59D56DD18450}
	EndGlobalSection
	GlobalSection(ExtensibilityAddIns) = postSolution
	EndGlobalSection
EndGlobal
