<?xml version="1.0" encoding="utf-8"?>
<Project ToolsVersion="17.0" xmlns="http://schemas.microsoft.com/developer/msbuild/2003">
  <ItemGroup>
    <ClCompile Include="D:\AIE\test\raylib\src\rcore.c">
      <Filter>Source Files</Filter>
    </ClCompile>
    <ClCompile Include="D:\AIE\test\raylib\src\rmodels.c">
      <Filter>Source Files</Filter>
    </ClCompile>
    <ClCompile Include="D:\AIE\test\raylib\src\rshapes.c">
      <Filter>Source Files</Filter>
    </ClCompile>
    <ClCompile Include="D:\AIE\test\raylib\src\rtext.c">
      <Filter>Source Files</Filter>
    </ClCompile>
    <ClCompile Include="D:\AIE\test\raylib\src\rtextures.c">
      <Filter>Source Files</Filter>
    </ClCompile>
    <ClCompile Include="D:\AIE\test\raylib\src\utils.c">
      <Filter>Source Files</Filter>
    </ClCompile>
    <ClCompile Include="D:\AIE\test\raylib\src\raudio.c">
      <Filter>Source Files</Filter>
    </ClCompile>
  </ItemGroup>
  <ItemGroup>
    <ClInclude Include="D:\AIE\test\raylib\src\raylib.h">
      <Filter>Header Files</Filter>
    </ClInclude>
    <ClInclude Include="D:\AIE\test\raylib\src\rlgl.h">
      <Filter>Header Files</Filter>
    </ClInclude>
    <ClInclude Include="D:\AIE\test\raylib\src\raymath.h">
      <Filter>Header Files</Filter>
    </ClInclude>
  </ItemGroup>
  <ItemGroup>
    <CustomBuild Include="D:\AIE\test\raylib\src\CMakeLists.txt" />
  </ItemGroup>
  <ItemGroup>
    <Object Include="D:\AIE\Assignments\C++\Task4_MineSweeper\MineSweeper\raylib\external\glfw\src\glfw.dir\$(Configuration)\context.obj">
      <Filter>Object Libraries</Filter>
    </Object>
    <Object Include="D:\AIE\Assignments\C++\Task4_MineSweeper\MineSweeper\raylib\external\glfw\src\glfw.dir\$(Configuration)\init.obj">
      <Filter>Object Libraries</Filter>
    </Object>
    <Object Include="D:\AIE\Assignments\C++\Task4_MineSweeper\MineSweeper\raylib\external\glfw\src\glfw.dir\$(Configuration)\input.obj">
      <Filter>Object Libraries</Filter>
    </Object>
    <Object Include="D:\AIE\Assignments\C++\Task4_MineSweeper\MineSweeper\raylib\external\glfw\src\glfw.dir\$(Configuration)\monitor.obj">
      <Filter>Object Libraries</Filter>
    </Object>
    <Object Include="D:\AIE\Assignments\C++\Task4_MineSweeper\MineSweeper\raylib\external\glfw\src\glfw.dir\$(Configuration)\platform.obj">
      <Filter>Object Libraries</Filter>
    </Object>
    <Object Include="D:\AIE\Assignments\C++\Task4_MineSweeper\MineSweeper\raylib\external\glfw\src\glfw.dir\$(Configuration)\vulkan.obj">
      <Filter>Object Libraries</Filter>
    </Object>
    <Object Include="D:\AIE\Assignments\C++\Task4_MineSweeper\MineSweeper\raylib\external\glfw\src\glfw.dir\$(Configuration)\window.obj">
      <Filter>Object Libraries</Filter>
    </Object>
    <Object Include="D:\AIE\Assignments\C++\Task4_MineSweeper\MineSweeper\raylib\external\glfw\src\glfw.dir\$(Configuration)\egl_context.obj">
      <Filter>Object Libraries</Filter>
    </Object>
    <Object Include="D:\AIE\Assignments\C++\Task4_MineSweeper\MineSweeper\raylib\external\glfw\src\glfw.dir\$(Configuration)\osmesa_context.obj">
      <Filter>Object Libraries</Filter>
    </Object>
    <Object Include="D:\AIE\Assignments\C++\Task4_MineSweeper\MineSweeper\raylib\external\glfw\src\glfw.dir\$(Configuration)\null_init.obj">
      <Filter>Object Libraries</Filter>
    </Object>
    <Object Include="D:\AIE\Assignments\C++\Task4_MineSweeper\MineSweeper\raylib\external\glfw\src\glfw.dir\$(Configuration)\null_monitor.obj">
      <Filter>Object Libraries</Filter>
    </Object>
    <Object Include="D:\AIE\Assignments\C++\Task4_MineSweeper\MineSweeper\raylib\external\glfw\src\glfw.dir\$(Configuration)\null_window.obj">
      <Filter>Object Libraries</Filter>
    </Object>
    <Object Include="D:\AIE\Assignments\C++\Task4_MineSweeper\MineSweeper\raylib\external\glfw\src\glfw.dir\$(Configuration)\null_joystick.obj">
      <Filter>Object Libraries</Filter>
    </Object>
    <Object Include="D:\AIE\Assignments\C++\Task4_MineSweeper\MineSweeper\raylib\external\glfw\src\glfw.dir\$(Configuration)\win32_module.obj">
      <Filter>Object Libraries</Filter>
    </Object>
    <Object Include="D:\AIE\Assignments\C++\Task4_MineSweeper\MineSweeper\raylib\external\glfw\src\glfw.dir\$(Configuration)\win32_time.obj">
      <Filter>Object Libraries</Filter>
    </Object>
    <Object Include="D:\AIE\Assignments\C++\Task4_MineSweeper\MineSweeper\raylib\external\glfw\src\glfw.dir\$(Configuration)\win32_thread.obj">
      <Filter>Object Libraries</Filter>
    </Object>
    <Object Include="D:\AIE\Assignments\C++\Task4_MineSweeper\MineSweeper\raylib\external\glfw\src\glfw.dir\$(Configuration)\win32_init.obj">
      <Filter>Object Libraries</Filter>
    </Object>
    <Object Include="D:\AIE\Assignments\C++\Task4_MineSweeper\MineSweeper\raylib\external\glfw\src\glfw.dir\$(Configuration)\win32_joystick.obj">
      <Filter>Object Libraries</Filter>
    </Object>
    <Object Include="D:\AIE\Assignments\C++\Task4_MineSweeper\MineSweeper\raylib\external\glfw\src\glfw.dir\$(Configuration)\win32_monitor.obj">
      <Filter>Object Libraries</Filter>
    </Object>
    <Object Include="D:\AIE\Assignments\C++\Task4_MineSweeper\MineSweeper\raylib\external\glfw\src\glfw.dir\$(Configuration)\win32_window.obj">
      <Filter>Object Libraries</Filter>
    </Object>
    <Object Include="D:\AIE\Assignments\C++\Task4_MineSweeper\MineSweeper\raylib\external\glfw\src\glfw.dir\$(Configuration)\wgl_context.obj">
      <Filter>Object Libraries</Filter>
    </Object>
  </ItemGroup>
  <ItemGroup>
    <Filter Include="Header Files">
      <UniqueIdentifier>{9C55F5AD-98D1-3AB7-B067-AC90D2B4A09C}</UniqueIdentifier>
    </Filter>
    <Filter Include="Object Libraries">
      <UniqueIdentifier>{485D3FB4-01F3-33FC-BEB2-04FAB8144C60}</UniqueIdentifier>
    </Filter>
    <Filter Include="Source Files">
      <UniqueIdentifier>{46A6EE06-BDE3-3545-9EE9-839745DC2DA5}</UniqueIdentifier>
    </Filter>
  </ItemGroup>
</Project>
